
Microsoft Visual Studio Solution File, Format Version 12.00
# Visual Studio Version 17
VisualStudioVersion = 17.2.32516.85
MinimumVisualStudioVersion = 10.0.40219.1
Project("{8BC9CEB8-8B4A-11D0-8D11-00A0C91BC942}") = "HelloWorld", "HelloWorld\HelloWorld.vcxproj", "{102C9426-EBD0-46B9-95C1-304679A8411D}"
EndProject
Project("{9A19103F-16F7-4668-BE54-9A1E7A4F7556}") = "HelloWorld2", "HelloWorld2\HelloWorld2.csproj", "{E281B16E-D9C2-45E7-AF67-E20746BD5AE6}"
EndProject
Project("{8BC9CEB8-8B4A-11D0-8D11-00A0C91BC942}") = "Hello3prog", "Hello3prog\Hello3prog.vcxproj", "{44D0F5AB-D370-4820-A075-05CB204F28CF}"
EndProject
Global
	GlobalSection(SolutionConfigurationPlatforms) = preSolution
		Debug|Any CPU = Debug|Any CPU
		Debug|x64 = Debug|x64
		Debug|x86 = Debug|x86
		Release|Any CPU = Release|Any CPU
		Release|x64 = Release|x64
		Release|x86 = Release|x86
	EndGlobalSection
	GlobalSection(ProjectConfigurationPlatforms) = postSolution
		{102C9426-EBD0-46B9-95C1-304679A8411D}.Debug|Any CPU.ActiveCfg = Debug|x64
		{102C9426-EBD0-46B9-95C1-304679A8411D}.Debug|Any CPU.Build.0 = Debug|x64
		{102C9426-EBD0-46B9-95C1-304679A8411D}.Debug|x64.ActiveCfg = Debug|x64
		{102C9426-EBD0-46B9-95C1-304679A8411D}.Debug|x64.Build.0 = Debug|x64
		{102C9426-EBD0-46B9-95C1-304679A8411D}.Debug|x86.ActiveCfg = Debug|Win32
		{102C9426-EBD0-46B9-95C1-304679A8411D}.Debug|x86.Build.0 = Debug|Win32
		{102C9426-EBD0-46B9-95C1-304679A8411D}.Release|Any CPU.ActiveCfg = Release|x64
		{102C9426-EBD0-46B9-95C1-304679A8411D}.Release|Any CPU.Build.0 = Release|x64
		{102C9426-EBD0-46B9-95C1-304679A8411D}.Release|x64.ActiveCfg = Release|x64
		{102C9426-EBD0-46B9-95C1-304679A8411D}.Release|x64.Build.0 = Release|x64
		{102C9426-EBD0-46B9-95C1-304679A8411D}.Release|x86.ActiveCfg = Release|Win32
		{102C9426-EBD0-46B9-95C1-304679A8411D}.Release|x86.Build.0 = Release|Win32
		{E281B16E-D9C2-45E7-AF67-E20746BD5AE6}.Debug|Any CPU.ActiveCfg = Debug|Any CPU
		{E281B16E-D9C2-45E7-AF67-E20746BD5AE6}.Debug|Any CPU.Build.0 = Debug|Any CPU
		{E281B16E-D9C2-45E7-AF67-E20746BD5AE6}.Debug|x64.ActiveCfg = Debug|Any CPU
		{E281B16E-D9C2-45E7-AF67-E20746BD5AE6}.Debug|x64.Build.0 = Debug|Any CPU
		{E281B16E-D9C2-45E7-AF67-E20746BD5AE6}.Debug|x86.ActiveCfg = Debug|Any CPU
		{E281B16E-D9C2-45E7-AF67-E20746BD5AE6}.Debug|x86.Build.0 = Debug|Any CPU
		{E281B16E-D9C2-45E7-AF67-E20746BD5AE6}.Release|Any CPU.ActiveCfg = Release|Any CPU
		{E281B16E-D9C2-45E7-AF67-E20746BD5AE6}.Release|Any CPU.Build.0 = Release|Any CPU
		{E281B16E-D9C2-45E7-AF67-E20746BD5AE6}.Release|x64.ActiveCfg = Release|Any CPU
		{E281B16E-D9C2-45E7-AF67-E20746BD5AE6}.Release|x64.Build.0 = Release|Any CPU
		{E281B16E-D9C2-45E7-AF67-E20746BD5AE6}.Release|x86.ActiveCfg = Release|Any CPU
		{E281B16E-D9C2-45E7-AF67-E20746BD5AE6}.Release|x86.Build.0 = Release|Any CPU
		{44D0F5AB-D370-4820-A075-05CB204F28CF}.Debug|Any CPU.ActiveCfg = Debug|x64
		{44D0F5AB-D370-4820-A075-05CB204F28CF}.Debug|Any CPU.Build.0 = Debug|x64
		{44D0F5AB-D370-4820-A075-05CB204F28CF}.Debug|x64.ActiveCfg = Debug|x64
		{44D0F5AB-D370-4820-A075-05CB204F28CF}.Debug|x64.Build.0 = Debug|x64
		{44D0F5AB-D370-4820-A075-05CB204F28CF}.Debug|x86.ActiveCfg = Debug|Win32
		{44D0F5AB-D370-4820-A075-05CB204F28CF}.Debug|x86.Build.0 = Debug|Win32
		{44D0F5AB-D370-4820-A075-05CB204F28CF}.Release|Any CPU.ActiveCfg = Release|x64
		{44D0F5AB-D370-4820-A075-05CB204F28CF}.Release|Any CPU.Build.0 = Release|x64
		{44D0F5AB-D370-4820-A075-05CB204F28CF}.Release|x64.ActiveCfg = Release|x64
		{44D0F5AB-D370-4820-A075-05CB204F28CF}.Release|x64.Build.0 = Release|x64
		{44D0F5AB-D370-4820-A075-05CB204F28CF}.Release|x86.ActiveCfg = Release|Win32
		{44D0F5AB-D370-4820-A075-05CB204F28CF}.Release|x86.Build.0 = Release|Win32
	EndGlobalSection
	GlobalSection(SolutionProperties) = preSolution
		HideSolutionNode = FALSE
	EndGlobalSection
	GlobalSection(ExtensibilityGlobals) = postSolution
		SolutionGuid = {FC2638AE-C35D-467F-BD30-8385BE9B67F7}
	EndGlobalSection
EndGlobal
